
Microsoft Visual Studio Solution File, Format Version 12.00
# Visual Studio Version 17
VisualStudioVersion = 17.3.32929.385
MinimumVisualStudioVersion = 10.0.40219.1
Project("{FAE04EC0-301F-11D3-BF4B-00C04F79EFBC}") = "ComuteBackend", "ComuteBackend\ComuteBackend.csproj", "{9085A4F4-2088-48B2-A3DC-9FC3EEFEDD73}"
EndProject
Global
	GlobalSection(SolutionConfigurationPlatforms) = preSolution
		Debug|Any CPU = Debug|Any CPU
		Release|Any CPU = Release|Any CPU
	EndGlobalSection
	GlobalSection(ProjectConfigurationPlatforms) = postSolution
		{9085A4F4-2088-48B2-A3DC-9FC3EEFEDD73}.Debug|Any CPU.ActiveCfg = Debug|Any CPU
		{9085A4F4-2088-48B2-A3DC-9FC3EEFEDD73}.Debug|Any CPU.Build.0 = Debug|Any CPU
		{9085A4F4-2088-48B2-A3DC-9FC3EEFEDD73}.Release|Any CPU.ActiveCfg = Release|Any CPU
		{9085A4F4-2088-48B2-A3DC-9FC3EEFEDD73}.Release|Any CPU.Build.0 = Release|Any CPU
	EndGlobalSection
	GlobalSection(SolutionProperties) = preSolution
		HideSolutionNode = FALSE
	EndGlobalSection
	GlobalSection(ExtensibilityGlobals) = postSolution
		SolutionGuid = {A24E6705-DCAC-446B-9A40-A863C47EE616}
	EndGlobalSection
EndGlobal
